{
  "name": "learn-terraform-cdktf-applications",
  "lockfileVersion": 2,
  "requires": true,
  "packages": {
    "": {
      "dependencies": {
        "kind": "^0.1.0"
      }
    },
    "node_modules/kind": {
      "version": "0.1.0",
      "resolved": "https://registry.npmjs.org/kind/-/kind-0.1.0.tgz",
      "integrity": "sha512-+0c9ZxtW725kjrWeH3ZXRm2LkTrd2F1wyeYNHCNG6svrVc4kpQSFKfHDDacZSEyifEy5dZcBL9OYDPvoWtsrOw==",
      "engines": {
        "node": ">= 0.8.0"
      }
    }
  },
  "dependencies": {
    "kind": {
      "version": "0.1.0",
      "resolved": "https://registry.npmjs.org/kind/-/kind-0.1.0.tgz",
      "integrity": "sha512-+0c9ZxtW725kjrWeH3ZXRm2LkTrd2F1wyeYNHCNG6svrVc4kpQSFKfHDDacZSEyifEy5dZcBL9OYDPvoWtsrOw=="
    }
  }
}
